
Microsoft Visual Studio Solution File, Format Version 12.00
# Visual Studio Version 16
VisualStudioVersion = 16.0.28803.202
MinimumVisualStudioVersion = 10.0.40219.1
Project("{FAE04EC0-301F-11D3-BF4B-00C04F79EFBC}") = "NBUY_MOD", "NBUY_MOD\NBUY_MOD.csproj", "{D36EE44B-E16C-4363-83D4-A7BE05091DDE}"
EndProject
Global
	GlobalSection(SolutionConfigurationPlatforms) = preSolution
		Debug|Any CPU = Debug|Any CPU
		Release|Any CPU = Release|Any CPU
	EndGlobalSection
	GlobalSection(ProjectConfigurationPlatforms) = postSolution
		{D36EE44B-E16C-4363-83D4-A7BE05091DDE}.Debug|Any CPU.ActiveCfg = Debug|Any CPU
		{D36EE44B-E16C-4363-83D4-A7BE05091DDE}.Debug|Any CPU.Build.0 = Debug|Any CPU
		{D36EE44B-E16C-4363-83D4-A7BE05091DDE}.Release|Any CPU.ActiveCfg = Release|Any CPU
		{D36EE44B-E16C-4363-83D4-A7BE05091DDE}.Release|Any CPU.Build.0 = Release|Any CPU
	EndGlobalSection
	GlobalSection(SolutionProperties) = preSolution
		HideSolutionNode = FALSE
	EndGlobalSection
	GlobalSection(ExtensibilityGlobals) = postSolution
		SolutionGuid = {27BF210E-3355-4580-A94F-F96BF8455509}
	EndGlobalSection
EndGlobal
